
Microsoft Visual Studio Solution File, Format Version 12.00
# Visual Studio Version 17
VisualStudioVersion = 17.3.32922.545
MinimumVisualStudioVersion = 10.0.40219.1
Project("{9A19103F-16F7-4668-BE54-9A1E7A4F7556}") = "Asal.StringCleaner", "Asal.StringCleaner\Asal.StringCleaner.csproj", "{D948267D-0605-4F42-AE3C-600575285EDA}"
EndProject
Global
	GlobalSection(SolutionConfigurationPlatforms) = preSolution
		Debug|Any CPU = Debug|Any CPU
		Release|Any CPU = Release|Any CPU
	EndGlobalSection
	GlobalSection(ProjectConfigurationPlatforms) = postSolution
		{D948267D-0605-4F42-AE3C-600575285EDA}.Debug|Any CPU.ActiveCfg = Debug|Any CPU
		{D948267D-0605-4F42-AE3C-600575285EDA}.Debug|Any CPU.Build.0 = Debug|Any CPU
		{D948267D-0605-4F42-AE3C-600575285EDA}.Release|Any CPU.ActiveCfg = Release|Any CPU
		{D948267D-0605-4F42-AE3C-600575285EDA}.Release|Any CPU.Build.0 = Release|Any CPU
	EndGlobalSection
	GlobalSection(SolutionProperties) = preSolution
		HideSolutionNode = FALSE
	EndGlobalSection
	GlobalSection(ExtensibilityGlobals) = postSolution
		SolutionGuid = {C7A273AC-E233-4807-8810-BA09C9DF98A7}
	EndGlobalSection
EndGlobal
